{
  "version": "4",
  "specifiers": {
    "npm:@sveltejs/adapter-static@^3.0.6": "3.0.8_@sveltejs+kit@2.15.1__@sveltejs+vite-plugin-svelte@4.0.4___svelte@5.16.0____acorn@8.14.0___vite@5.4.11__svelte@5.16.0___acorn@8.14.0__vite@5.4.11_@sveltejs+vite-plugin-svelte@4.0.4__svelte@5.16.0___acorn@8.14.0__vite@5.4.11_svelte@5.16.0__acorn@8.14.0_vite@5.4.11",
    "npm:@sveltejs/kit@2": "2.15.1_@sveltejs+vite-plugin-svelte@4.0.4__svelte@5.16.0___acorn@8.14.0__vite@5.4.11_svelte@5.16.0__acorn@8.14.0_vite@5.4.11",
    "npm:@sveltejs/vite-plugin-svelte@4": "4.0.4_svelte@5.16.0__acorn@8.14.0_vite@5.4.11",
    "npm:prettier-plugin-svelte@^3.3.2": "3.3.2_prettier@3.4.2_svelte@5.16.0__acorn@8.14.0",
    "npm:prettier@^3.4.2": "3.4.2",
    "npm:svelte-check@4": "4.1.1_svelte@5.16.0__acorn@8.14.0_typescript@5.7.2",
    "npm:svelte@5": "5.16.0_acorn@8.14.0",
    "npm:typescript@5": "5.7.2",
    "npm:vite@^5.4.11": "5.4.11"
  },
  "npm": {
    "@ampproject/remapping@2.3.0": {
      "integrity": "sha512-30iZtAPgz+LTIYoeivqYo853f02jBYSd5uGnGpkFV0M3xOt9aN73erkgYAmZU43x4VfqcnLxW9Kpg3R5LC4YYw==",
      "dependencies": [
        "@jridgewell/gen-mapping",
        "@jridgewell/trace-mapping"
      ]
    },
    "@esbuild/aix-ppc64@0.21.5": {
      "integrity": "sha512-1SDgH6ZSPTlggy1yI6+Dbkiz8xzpHJEVAlF/AM1tHPLsf5STom9rwtjE4hKAF20FfXXNTFqEYXyJNWh1GiZedQ=="
    },
    "@esbuild/android-arm64@0.21.5": {
      "integrity": "sha512-c0uX9VAUBQ7dTDCjq+wdyGLowMdtR/GoC2U5IYk/7D1H1JYC0qseD7+11iMP2mRLN9RcCMRcjC4YMclCzGwS/A=="
    },
    "@esbuild/android-arm@0.21.5": {
      "integrity": "sha512-vCPvzSjpPHEi1siZdlvAlsPxXl7WbOVUBBAowWug4rJHb68Ox8KualB+1ocNvT5fjv6wpkX6o/iEpbDrf68zcg=="
    },
    "@esbuild/android-x64@0.21.5": {
      "integrity": "sha512-D7aPRUUNHRBwHxzxRvp856rjUHRFW1SdQATKXH2hqA0kAZb1hKmi02OpYRacl0TxIGz/ZmXWlbZgjwWYaCakTA=="
    },
    "@esbuild/darwin-arm64@0.21.5": {
      "integrity": "sha512-DwqXqZyuk5AiWWf3UfLiRDJ5EDd49zg6O9wclZ7kUMv2WRFr4HKjXp/5t8JZ11QbQfUS6/cRCKGwYhtNAY88kQ=="
    },
    "@esbuild/darwin-x64@0.21.5": {
      "integrity": "sha512-se/JjF8NlmKVG4kNIuyWMV/22ZaerB+qaSi5MdrXtd6R08kvs2qCN4C09miupktDitvh8jRFflwGFBQcxZRjbw=="
    },
    "@esbuild/freebsd-arm64@0.21.5": {
      "integrity": "sha512-5JcRxxRDUJLX8JXp/wcBCy3pENnCgBR9bN6JsY4OmhfUtIHe3ZW0mawA7+RDAcMLrMIZaf03NlQiX9DGyB8h4g=="
    },
    "@esbuild/freebsd-x64@0.21.5": {
      "integrity": "sha512-J95kNBj1zkbMXtHVH29bBriQygMXqoVQOQYA+ISs0/2l3T9/kj42ow2mpqerRBxDJnmkUDCaQT/dfNXWX/ZZCQ=="
    },
    "@esbuild/linux-arm64@0.21.5": {
      "integrity": "sha512-ibKvmyYzKsBeX8d8I7MH/TMfWDXBF3db4qM6sy+7re0YXya+K1cem3on9XgdT2EQGMu4hQyZhan7TeQ8XkGp4Q=="
    },
    "@esbuild/linux-arm@0.21.5": {
      "integrity": "sha512-bPb5AHZtbeNGjCKVZ9UGqGwo8EUu4cLq68E95A53KlxAPRmUyYv2D6F0uUI65XisGOL1hBP5mTronbgo+0bFcA=="
    },
    "@esbuild/linux-ia32@0.21.5": {
      "integrity": "sha512-YvjXDqLRqPDl2dvRODYmmhz4rPeVKYvppfGYKSNGdyZkA01046pLWyRKKI3ax8fbJoK5QbxblURkwK/MWY18Tg=="
    },
    "@esbuild/linux-loong64@0.21.5": {
      "integrity": "sha512-uHf1BmMG8qEvzdrzAqg2SIG/02+4/DHB6a9Kbya0XDvwDEKCoC8ZRWI5JJvNdUjtciBGFQ5PuBlpEOXQj+JQSg=="
    },
    "@esbuild/linux-mips64el@0.21.5": {
      "integrity": "sha512-IajOmO+KJK23bj52dFSNCMsz1QP1DqM6cwLUv3W1QwyxkyIWecfafnI555fvSGqEKwjMXVLokcV5ygHW5b3Jbg=="
    },
    "@esbuild/linux-ppc64@0.21.5": {
      "integrity": "sha512-1hHV/Z4OEfMwpLO8rp7CvlhBDnjsC3CttJXIhBi+5Aj5r+MBvy4egg7wCbe//hSsT+RvDAG7s81tAvpL2XAE4w=="
    },
    "@esbuild/linux-riscv64@0.21.5": {
      "integrity": "sha512-2HdXDMd9GMgTGrPWnJzP2ALSokE/0O5HhTUvWIbD3YdjME8JwvSCnNGBnTThKGEB91OZhzrJ4qIIxk/SBmyDDA=="
    },
    "@esbuild/linux-s390x@0.21.5": {
      "integrity": "sha512-zus5sxzqBJD3eXxwvjN1yQkRepANgxE9lgOW2qLnmr8ikMTphkjgXu1HR01K4FJg8h1kEEDAqDcZQtbrRnB41A=="
    },
    "@esbuild/linux-x64@0.21.5": {
      "integrity": "sha512-1rYdTpyv03iycF1+BhzrzQJCdOuAOtaqHTWJZCWvijKD2N5Xu0TtVC8/+1faWqcP9iBCWOmjmhoH94dH82BxPQ=="
    },
    "@esbuild/netbsd-x64@0.21.5": {
      "integrity": "sha512-Woi2MXzXjMULccIwMnLciyZH4nCIMpWQAs049KEeMvOcNADVxo0UBIQPfSmxB3CWKedngg7sWZdLvLczpe0tLg=="
    },
    "@esbuild/openbsd-x64@0.21.5": {
      "integrity": "sha512-HLNNw99xsvx12lFBUwoT8EVCsSvRNDVxNpjZ7bPn947b8gJPzeHWyNVhFsaerc0n3TsbOINvRP2byTZ5LKezow=="
    },
    "@esbuild/sunos-x64@0.21.5": {
      "integrity": "sha512-6+gjmFpfy0BHU5Tpptkuh8+uw3mnrvgs+dSPQXQOv3ekbordwnzTVEb4qnIvQcYXq6gzkyTnoZ9dZG+D4garKg=="
    },
    "@esbuild/win32-arm64@0.21.5": {
      "integrity": "sha512-Z0gOTd75VvXqyq7nsl93zwahcTROgqvuAcYDUr+vOv8uHhNSKROyU961kgtCD1e95IqPKSQKH7tBTslnS3tA8A=="
    },
    "@esbuild/win32-ia32@0.21.5": {
      "integrity": "sha512-SWXFF1CL2RVNMaVs+BBClwtfZSvDgtL//G/smwAc5oVK/UPu2Gu9tIaRgFmYFFKrmg3SyAjSrElf0TiJ1v8fYA=="
    },
    "@esbuild/win32-x64@0.21.5": {
      "integrity": "sha512-tQd/1efJuzPC6rCFwEvLtci/xNFcTZknmXs98FYDfGE4wP9ClFV98nyKrzJKVPMhdDnjzLhdUyMX4PsQAPjwIw=="
    },
    "@jridgewell/gen-mapping@0.3.8": {
      "integrity": "sha512-imAbBGkb+ebQyxKgzv5Hu2nmROxoDOXHh80evxdoXNOrvAnVx7zimzc1Oo5h9RlfV4vPXaE2iM5pOFbvOCClWA==",
      "dependencies": [
        "@jridgewell/set-array",
        "@jridgewell/sourcemap-codec",
        "@jridgewell/trace-mapping"
      ]
    },
    "@jridgewell/resolve-uri@3.1.2": {
      "integrity": "sha512-bRISgCIjP20/tbWSPWMEi54QVPRZExkuD9lJL+UIxUKtwVJA8wW1Trb1jMs1RFXo1CBTNZ/5hpC9QvmKWdopKw=="
    },
    "@jridgewell/set-array@1.2.1": {
      "integrity": "sha512-R8gLRTZeyp03ymzP/6Lil/28tGeGEzhx1q2k703KGWRAI1VdvPIXdG70VJc2pAMw3NA6JKL5hhFu1sJX0Mnn/A=="
    },
    "@jridgewell/sourcemap-codec@1.5.0": {
      "integrity": "sha512-gv3ZRaISU3fjPAgNsriBRqGWQL6quFx04YMPW/zD8XMLsU32mhCCbfbO6KZFLjvYpCZ8zyDEgqsgf+PwPaM7GQ=="
    },
    "@jridgewell/trace-mapping@0.3.25": {
      "integrity": "sha512-vNk6aEwybGtawWmy/PzwnGDOjCkLWSD2wqvjGGAgOAwCGWySYXfYoxt00IJkTF+8Lb57DwOb3Aa0o9CApepiYQ==",
      "dependencies": [
        "@jridgewell/resolve-uri",
        "@jridgewell/sourcemap-codec"
      ]
    },
    "@polka/url@1.0.0-next.28": {
      "integrity": "sha512-8LduaNlMZGwdZ6qWrKlfa+2M4gahzFkprZiAt2TF8uS0qQgBizKXpXURqvTJ4WtmupWxaLqjRb2UCTe72mu+Aw=="
    },
    "@rollup/rollup-android-arm-eabi@4.29.1": {
      "integrity": "sha512-ssKhA8RNltTZLpG6/QNkCSge+7mBQGUqJRisZ2MDQcEGaK93QESEgWK2iOpIDZ7k9zPVkG5AS3ksvD5ZWxmItw=="
    },
    "@rollup/rollup-android-arm64@4.29.1": {
      "integrity": "sha512-CaRfrV0cd+NIIcVVN/jx+hVLN+VRqnuzLRmfmlzpOzB87ajixsN/+9L5xNmkaUUvEbI5BmIKS+XTwXsHEb65Ew=="
    },
    "@rollup/rollup-darwin-arm64@4.29.1": {
      "integrity": "sha512-2ORr7T31Y0Mnk6qNuwtyNmy14MunTAMx06VAPI6/Ju52W10zk1i7i5U3vlDRWjhOI5quBcrvhkCHyF76bI7kEw=="
    },
    "@rollup/rollup-darwin-x64@4.29.1": {
      "integrity": "sha512-j/Ej1oanzPjmN0tirRd5K2/nncAhS9W6ICzgxV+9Y5ZsP0hiGhHJXZ2JQ53iSSjj8m6cRY6oB1GMzNn2EUt6Ng=="
    },
    "@rollup/rollup-freebsd-arm64@4.29.1": {
      "integrity": "sha512-91C//G6Dm/cv724tpt7nTyP+JdN12iqeXGFM1SqnljCmi5yTXriH7B1r8AD9dAZByHpKAumqP1Qy2vVNIdLZqw=="
    },
    "@rollup/rollup-freebsd-x64@4.29.1": {
      "integrity": "sha512-hEioiEQ9Dec2nIRoeHUP6hr1PSkXzQaCUyqBDQ9I9ik4gCXQZjJMIVzoNLBRGet+hIUb3CISMh9KXuCcWVW/8w=="
    },
    "@rollup/rollup-linux-arm-gnueabihf@4.29.1": {
      "integrity": "sha512-Py5vFd5HWYN9zxBv3WMrLAXY3yYJ6Q/aVERoeUFwiDGiMOWsMs7FokXihSOaT/PMWUty/Pj60XDQndK3eAfE6A=="
    },
    "@rollup/rollup-linux-arm-musleabihf@4.29.1": {
      "integrity": "sha512-RiWpGgbayf7LUcuSNIbahr0ys2YnEERD4gYdISA06wa0i8RALrnzflh9Wxii7zQJEB2/Eh74dX4y/sHKLWp5uQ=="
    },
    "@rollup/rollup-linux-arm64-gnu@4.29.1": {
      "integrity": "sha512-Z80O+taYxTQITWMjm/YqNoe9d10OX6kDh8X5/rFCMuPqsKsSyDilvfg+vd3iXIqtfmp+cnfL1UrYirkaF8SBZA=="
    },
    "@rollup/rollup-linux-arm64-musl@4.29.1": {
      "integrity": "sha512-fOHRtF9gahwJk3QVp01a/GqS4hBEZCV1oKglVVq13kcK3NeVlS4BwIFzOHDbmKzt3i0OuHG4zfRP0YoG5OF/rA=="
    },
    "@rollup/rollup-linux-loongarch64-gnu@4.29.1": {
      "integrity": "sha512-5a7q3tnlbcg0OodyxcAdrrCxFi0DgXJSoOuidFUzHZ2GixZXQs6Tc3CHmlvqKAmOs5eRde+JJxeIf9DonkmYkw=="
    },
    "@rollup/rollup-linux-powerpc64le-gnu@4.29.1": {
      "integrity": "sha512-9b4Mg5Yfz6mRnlSPIdROcfw1BU22FQxmfjlp/CShWwO3LilKQuMISMTtAu/bxmmrE6A902W2cZJuzx8+gJ8e9w=="
    },
    "@rollup/rollup-linux-riscv64-gnu@4.29.1": {
      "integrity": "sha512-G5pn0NChlbRM8OJWpJFMX4/i8OEU538uiSv0P6roZcbpe/WfhEO+AT8SHVKfp8qhDQzaz7Q+1/ixMy7hBRidnQ=="
    },
    "@rollup/rollup-linux-s390x-gnu@4.29.1": {
      "integrity": "sha512-WM9lIkNdkhVwiArmLxFXpWndFGuOka4oJOZh8EP3Vb8q5lzdSCBuhjavJsw68Q9AKDGeOOIHYzYm4ZFvmWez5g=="
    },
    "@rollup/rollup-linux-x64-gnu@4.29.1": {
      "integrity": "sha512-87xYCwb0cPGZFoGiErT1eDcssByaLX4fc0z2nRM6eMtV9njAfEE6OW3UniAoDhX4Iq5xQVpE6qO9aJbCFumKYQ=="
    },
    "@rollup/rollup-linux-x64-musl@4.29.1": {
      "integrity": "sha512-xufkSNppNOdVRCEC4WKvlR1FBDyqCSCpQeMMgv9ZyXqqtKBfkw1yfGMTUTs9Qsl6WQbJnsGboWCp7pJGkeMhKA=="
    },
    "@rollup/rollup-win32-arm64-msvc@4.29.1": {
      "integrity": "sha512-F2OiJ42m77lSkizZQLuC+jiZ2cgueWQL5YC9tjo3AgaEw+KJmVxHGSyQfDUoYR9cci0lAywv2Clmckzulcq6ig=="
    },
    "@rollup/rollup-win32-ia32-msvc@4.29.1": {
      "integrity": "sha512-rYRe5S0FcjlOBZQHgbTKNrqxCBUmgDJem/VQTCcTnA2KCabYSWQDrytOzX7avb79cAAweNmMUb/Zw18RNd4mng=="
    },
    "@rollup/rollup-win32-x64-msvc@4.29.1": {
      "integrity": "sha512-+10CMg9vt1MoHj6x1pxyjPSMjHTIlqs8/tBztXvPAx24SKs9jwVnKqHJumlH/IzhaPUaj3T6T6wfZr8okdXaIg=="
    },
    "@sveltejs/adapter-static@3.0.8_@sveltejs+kit@2.15.1__@sveltejs+vite-plugin-svelte@4.0.4___svelte@5.16.0____acorn@8.14.0___vite@5.4.11__svelte@5.16.0___acorn@8.14.0__vite@5.4.11_@sveltejs+vite-plugin-svelte@4.0.4__svelte@5.16.0___acorn@8.14.0__vite@5.4.11_svelte@5.16.0__acorn@8.14.0_vite@5.4.11": {
      "integrity": "sha512-YaDrquRpZwfcXbnlDsSrBQNCChVOT9MGuSg+dMAyfsAa1SmiAhrA5jUYUiIMC59G92kIbY/AaQOWcBdq+lh+zg==",
      "dependencies": [
        "@sveltejs/kit"
      ]
    },
    "@sveltejs/kit@2.15.1_@sveltejs+vite-plugin-svelte@4.0.4__svelte@5.16.0___acorn@8.14.0__vite@5.4.11_svelte@5.16.0__acorn@8.14.0_vite@5.4.11": {
      "integrity": "sha512-8t7D3hQHbUDMiaQ2RVnjJJ/+Ur4Fn/tkeySJCsHtX346Q9cp3LAnav8xXdfuqYNJwpUGX0x3BqF1uvbmXQw93A==",
      "dependencies": [
        "@sveltejs/vite-plugin-svelte",
        "@types/cookie",
        "cookie",
        "devalue",
        "esm-env",
        "import-meta-resolve",
        "kleur",
        "magic-string",
        "mrmime",
        "sade",
        "set-cookie-parser",
        "sirv",
        "svelte",
        "tiny-glob",
        "vite"
      ]
    },
    "@sveltejs/vite-plugin-svelte-inspector@3.0.1_@sveltejs+vite-plugin-svelte@4.0.4__svelte@5.16.0___acorn@8.14.0__vite@5.4.11_svelte@5.16.0__acorn@8.14.0_vite@5.4.11": {
      "integrity": "sha512-2CKypmj1sM4GE7HjllT7UKmo4Q6L5xFRd7VMGEWhYnZ+wc6AUVU01IBd7yUi6WnFndEwWoMNOd6e8UjoN0nbvQ==",
      "dependencies": [
        "@sveltejs/vite-plugin-svelte",
        "debug",
        "svelte",
        "vite"
      ]
    },
    "@sveltejs/vite-plugin-svelte@4.0.4_svelte@5.16.0__acorn@8.14.0_vite@5.4.11": {
      "integrity": "sha512-0ba1RQ/PHen5FGpdSrW7Y3fAMQjrXantECALeOiOdBdzR5+5vPP6HVZRLmZaQL+W8m++o+haIAKq5qT+MiZ7VA==",
      "dependencies": [
        "@sveltejs/vite-plugin-svelte-inspector",
        "debug",
        "deepmerge",
        "kleur",
        "magic-string",
        "svelte",
        "vite",
        "vitefu"
      ]
    },
    "@types/cookie@0.6.0": {
      "integrity": "sha512-4Kh9a6B2bQciAhf7FSuMRRkUWecJgJu9nPnx3yzpsfXX/c50REIqpHY4C82bXP90qrLtXtkDxTZosYO3UpOwlA=="
    },
    "@types/estree@1.0.6": {
      "integrity": "sha512-AYnb1nQyY49te+VRAVgmzfcgjYS91mY5P0TKUDCLEM+gNnA+3T6rWITXRLYCpahpqSQbN5cE+gHpnPyXjHWxcw=="
    },
    "acorn-typescript@1.4.13_acorn@8.14.0": {
      "integrity": "sha512-xsc9Xv0xlVfwp2o7sQ+GCQ1PgbkdcpWdTzrwXxO3xDMTAywVS3oXVOcOHuRjAPkS4P9b+yc/qNF15460v+jp4Q==",
      "dependencies": [
        "acorn"
      ]
    },
    "acorn@8.14.0": {
      "integrity": "sha512-cl669nCJTZBsL97OF4kUQm5g5hC2uihk0NxY3WENAC0TYdILVkAyHymAntgxGkl7K+t0cXIrH5siy5S4XkFycA=="
    },
    "aria-query@5.3.2": {
      "integrity": "sha512-COROpnaoap1E2F000S62r6A60uHZnmlvomhfyT2DlTcrY1OrBKn2UhH7qn5wTC9zMvD0AY7csdPSNwKP+7WiQw=="
    },
    "axobject-query@4.1.0": {
      "integrity": "sha512-qIj0G9wZbMGNLjLmg1PT6v2mE9AH2zlnADJD/2tC6E00hgmhUOfEB6greHPAfLRSufHqROIUTkw6E+M3lH0PTQ=="
    },
    "chokidar@4.0.3": {
      "integrity": "sha512-Qgzu8kfBvo+cA4962jnP1KkS6Dop5NS6g7R5LFYJr4b8Ub94PPQXUksCw9PvXoeXPRRddRNC5C1JQUR2SMGtnA==",
      "dependencies": [
        "readdirp"
      ]
    },
    "clsx@2.1.1": {
      "integrity": "sha512-eYm0QWBtUrBWZWG0d386OGAw16Z995PiOVo2B7bjWSbHedGl5e0ZWaq65kOGgUSNesEIDkB9ISbTg/JK9dhCZA=="
    },
    "cookie@0.6.0": {
      "integrity": "sha512-U71cyTamuh1CRNCfpGY6to28lxvNwPG4Guz/EVjgf3Jmzv0vlDp1atT9eS5dDjMYHucpHbWns6Lwf3BKz6svdw=="
    },
    "debug@4.4.0": {
      "integrity": "sha512-6WTZ/IxCY/T6BALoZHaE4ctp9xm+Z5kY/pzYaCHRFeyVhojxlrm+46y68HA6hr0TcwEssoxNiDEUJQjfPZ/RYA==",
      "dependencies": [
        "ms"
      ]
    },
    "deepmerge@4.3.1": {
      "integrity": "sha512-3sUqbMEc77XqpdNO7FRyRog+eW3ph+GYCbj+rK+uYyRMuwsVy0rMiVtPn+QJlKFvWP/1PYpapqYn0Me2knFn+A=="
    },
    "devalue@5.1.1": {
      "integrity": "sha512-maua5KUiapvEwiEAe+XnlZ3Rh0GD+qI1J/nb9vrJc3muPXvcF/8gXYTWF76+5DAqHyDUtOIImEuo0YKE9mshVw=="
    },
    "esbuild@0.21.5": {
      "integrity": "sha512-mg3OPMV4hXywwpoDxu3Qda5xCKQi+vCTZq8S9J/EpkhB2HzKXq4SNFZE3+NK93JYxc8VMSep+lOUSC/RVKaBqw==",
      "dependencies": [
        "@esbuild/aix-ppc64",
        "@esbuild/android-arm",
        "@esbuild/android-arm64",
        "@esbuild/android-x64",
        "@esbuild/darwin-arm64",
        "@esbuild/darwin-x64",
        "@esbuild/freebsd-arm64",
        "@esbuild/freebsd-x64",
        "@esbuild/linux-arm",
        "@esbuild/linux-arm64",
        "@esbuild/linux-ia32",
        "@esbuild/linux-loong64",
        "@esbuild/linux-mips64el",
        "@esbuild/linux-ppc64",
        "@esbuild/linux-riscv64",
        "@esbuild/linux-s390x",
        "@esbuild/linux-x64",
        "@esbuild/netbsd-x64",
        "@esbuild/openbsd-x64",
        "@esbuild/sunos-x64",
        "@esbuild/win32-arm64",
        "@esbuild/win32-ia32",
        "@esbuild/win32-x64"
      ]
    },
    "esm-env@1.2.1": {
      "integrity": "sha512-U9JedYYjCnadUlXk7e1Kr+aENQhtUaoaV9+gZm1T8LC/YBAPJx3NSPIAurFOC0U5vrdSevnUJS2/wUVxGwPhng=="
    },
    "esrap@1.3.2": {
      "integrity": "sha512-C4PXusxYhFT98GjLSmb20k9PREuUdporer50dhzGuJu9IJXktbMddVCMLAERl5dAHyAi73GWWCE4FVHGP1794g==",
      "dependencies": [
        "@jridgewell/sourcemap-codec"
      ]
    },
    "fdir@6.4.2": {
      "integrity": "sha512-KnhMXsKSPZlAhp7+IjUkRZKPb4fUyccpDrdFXbi4QL1qkmFh9kVY09Yox+n4MaOb3lHZ1Tv829C3oaaXoMYPDQ=="
    },
    "fsevents@2.3.3": {
      "integrity": "sha512-5xoDfX+fL7faATnagmWPpbFtwh/R77WmMMqqHGS65C3vvB0YHrgF+B1YmZ3441tMj5n63k0212XNoJwzlhffQw=="
    },
    "globalyzer@0.1.0": {
      "integrity": "sha512-40oNTM9UfG6aBmuKxk/giHn5nQ8RVz/SS4Ir6zgzOv9/qC3kKZ9v4etGTcJbEl/NyVQH7FGU7d+X1egr57Md2Q=="
    },
    "globrex@0.1.2": {
      "integrity": "sha512-uHJgbwAMwNFf5mLst7IWLNg14x1CkeqglJb/K3doi4dw6q2IvAAmM/Y81kevy83wP+Sst+nutFTYOGg3d1lsxg=="
    },
    "import-meta-resolve@4.1.0": {
      "integrity": "sha512-I6fiaX09Xivtk+THaMfAwnA3MVA5Big1WHF1Dfx9hFuvNIWpXnorlkzhcQf6ehrqQiiZECRt1poOAkPmer3ruw=="
    },
    "is-reference@3.0.3": {
      "integrity": "sha512-ixkJoqQvAP88E6wLydLGGqCJsrFUnqoH6HnaczB8XmDH1oaWU+xxdptvikTgaEhtZ53Ky6YXiBuUI2WXLMCwjw==",
      "dependencies": [
        "@types/estree"
      ]
    },
    "kleur@4.1.5": {
      "integrity": "sha512-o+NO+8WrRiQEE4/7nwRJhN1HWpVmJm511pBHUxPLtp0BUISzlBplORYSmTclCnJvQq2tKu/sgl3xVpkc7ZWuQQ=="
    },
    "locate-character@3.0.0": {
      "integrity": "sha512-SW13ws7BjaeJ6p7Q6CO2nchbYEc3X3J6WrmTTDto7yMPqVSZTUyY5Tjbid+Ab8gLnATtygYtiDIJGQRRn2ZOiA=="
    },
    "magic-string@0.30.17": {
      "integrity": "sha512-sNPKHvyjVf7gyjwS4xGTaW/mCnF8wnjtifKBEhxfZ7E/S8tQ0rssrwGNn6q8JH/ohItJfSQp9mBtQYuTlH5QnA==",
      "dependencies": [
        "@jridgewell/sourcemap-codec"
      ]
    },
    "mri@1.2.0": {
      "integrity": "sha512-tzzskb3bG8LvYGFF/mDTpq3jpI6Q9wc3LEmBaghu+DdCssd1FakN7Bc0hVNmEyGq1bq3RgfkCb3cmQLpNPOroA=="
    },
    "mrmime@2.0.0": {
      "integrity": "sha512-eu38+hdgojoyq63s+yTpN4XMBdt5l8HhMhc4VKLO9KM5caLIBvUm4thi7fFaxyTmCKeNnXZ5pAlBwCUnhA09uw=="
    },
    "ms@2.1.3": {
      "integrity": "sha512-6FlzubTLZG3J2a/NVCAleEhjzq5oxgHyaCU9yYXvcLsvoVaHJq/s5xXI6/XXP6tz7R9xAOtHnSO/tXtF3WRTlA=="
    },
    "nanoid@3.3.8": {
      "integrity": "sha512-WNLf5Sd8oZxOm+TzppcYk8gVOgP+l58xNy58D0nbUnOxOWRWvlcCV4kUF7ltmI6PsrLl/BgKEyS4mqsGChFN0w=="
    },
    "picocolors@1.1.1": {
      "integrity": "sha512-xceH2snhtb5M9liqDsmEw56le376mTZkEX/jEb/RxNFyegNul7eNslCXP9FDj/Lcu0X8KEyMceP2ntpaHrDEVA=="
    },
    "postcss@8.4.49": {
      "integrity": "sha512-OCVPnIObs4N29kxTjzLfUryOkvZEq+pf8jTF0lg8E7uETuWHA+v7j3c/xJmiqpX450191LlmZfUKkXxkTry7nA==",
      "dependencies": [
        "nanoid",
        "picocolors",
        "source-map-js"
      ]
    },
    "prettier-plugin-svelte@3.3.2_prettier@3.4.2_svelte@5.16.0__acorn@8.14.0": {
      "integrity": "sha512-kRPjH8wSj2iu+dO+XaUv4vD8qr5mdDmlak3IT/7AOgGIMRG86z/EHOLauFcClKEnOUf4A4nOA7sre5KrJD4Raw==",
      "dependencies": [
        "prettier",
        "svelte"
      ]
    },
    "prettier@3.4.2": {
      "integrity": "sha512-e9MewbtFo+Fevyuxn/4rrcDAaq0IYxPGLvObpQjiZBMAzB9IGmzlnG9RZy3FFas+eBMu2vA0CszMeduow5dIuQ=="
    },
    "readdirp@4.0.2": {
      "integrity": "sha512-yDMz9g+VaZkqBYS/ozoBJwaBhTbZo3UNYQHNRw1D3UFQB8oHB4uS/tAODO+ZLjGWmUbKnIlOWO+aaIiAxrUWHA=="
    },
    "rollup@4.29.1": {
      "integrity": "sha512-RaJ45M/kmJUzSWDs1Nnd5DdV4eerC98idtUOVr6FfKcgxqvjwHmxc5upLF9qZU9EpsVzzhleFahrT3shLuJzIw==",
      "dependencies": [
        "@rollup/rollup-android-arm-eabi",
        "@rollup/rollup-android-arm64",
        "@rollup/rollup-darwin-arm64",
        "@rollup/rollup-darwin-x64",
        "@rollup/rollup-freebsd-arm64",
        "@rollup/rollup-freebsd-x64",
        "@rollup/rollup-linux-arm-gnueabihf",
        "@rollup/rollup-linux-arm-musleabihf",
        "@rollup/rollup-linux-arm64-gnu",
        "@rollup/rollup-linux-arm64-musl",
        "@rollup/rollup-linux-loongarch64-gnu",
        "@rollup/rollup-linux-powerpc64le-gnu",
        "@rollup/rollup-linux-riscv64-gnu",
        "@rollup/rollup-linux-s390x-gnu",
        "@rollup/rollup-linux-x64-gnu",
        "@rollup/rollup-linux-x64-musl",
        "@rollup/rollup-win32-arm64-msvc",
        "@rollup/rollup-win32-ia32-msvc",
        "@rollup/rollup-win32-x64-msvc",
        "@types/estree",
        "fsevents"
      ]
    },
    "sade@1.8.1": {
      "integrity": "sha512-xal3CZX1Xlo/k4ApwCFrHVACi9fBqJ7V+mwhBsuf/1IOKbBy098Fex+Wa/5QMubw09pSZ/u8EY8PWgevJsXp1A==",
      "dependencies": [
        "mri"
      ]
    },
    "set-cookie-parser@2.7.1": {
      "integrity": "sha512-IOc8uWeOZgnb3ptbCURJWNjWUPcO3ZnTTdzsurqERrP6nPyv+paC55vJM0LpOlT2ne+Ix+9+CRG1MNLlyZ4GjQ=="
    },
    "sirv@3.0.0": {
      "integrity": "sha512-BPwJGUeDaDCHihkORDchNyyTvWFhcusy1XMmhEVTQTwGeybFbp8YEmB+njbPnth1FibULBSBVwCQni25XlCUDg==",
      "dependencies": [
        "@polka/url",
        "mrmime",
        "totalist"
      ]
    },
    "source-map-js@1.2.1": {
      "integrity": "sha512-UXWMKhLOwVKb728IUtQPXxfYU+usdybtUrK/8uGE8CQMvrhOpwvzDBwj0QhSL7MQc7vIsISBG8VQ8+IDQxpfQA=="
    },
    "svelte-check@4.1.1_svelte@5.16.0__acorn@8.14.0_typescript@5.7.2": {
      "integrity": "sha512-NfaX+6Qtc8W/CyVGS/F7/XdiSSyXz+WGYA9ZWV3z8tso14V2vzjfXviKaTFEzB7g8TqfgO2FOzP6XT4ApSTUTw==",
      "dependencies": [
        "@jridgewell/trace-mapping",
        "chokidar",
        "fdir",
        "picocolors",
        "sade",
        "svelte",
        "typescript"
      ]
    },
    "svelte@5.16.0_acorn@8.14.0": {
      "integrity": "sha512-Ygqsiac6UogVED2ruKclU+pOeMThxWtp9LG+li7BXeDKC2paVIsRTMkNmcON4Zejerd1s5sZHWx6ZtU85xklVg==",
      "dependencies": [
        "@ampproject/remapping",
        "@jridgewell/sourcemap-codec",
        "@types/estree",
        "acorn",
        "acorn-typescript",
        "aria-query",
        "axobject-query",
        "clsx",
        "esm-env",
        "esrap",
        "is-reference",
        "locate-character",
        "magic-string",
        "zimmerframe"
      ]
    },
    "tiny-glob@0.2.9": {
      "integrity": "sha512-g/55ssRPUjShh+xkfx9UPDXqhckHEsHr4Vd9zX55oSdGZc/MD0m3sferOkwWtp98bv+kcVfEHtRJgBVJzelrzg==",
      "dependencies": [
        "globalyzer",
        "globrex"
      ]
    },
    "totalist@3.0.1": {
      "integrity": "sha512-sf4i37nQ2LBx4m3wB74y+ubopq6W/dIzXg0FDGjsYnZHVa1Da8FH853wlL2gtUhg+xJXjfk3kUZS3BRoQeoQBQ=="
    },
    "typescript@5.7.2": {
      "integrity": "sha512-i5t66RHxDvVN40HfDd1PsEThGNnlMCMT3jMUuoh9/0TaqWevNontacunWyN02LA9/fIbEWlcHZcgTKb9QoaLfg=="
    },
    "vite@5.4.11": {
      "integrity": "sha512-c7jFQRklXua0mTzneGW9QVyxFjUgwcihC4bXEtujIo2ouWCe1Ajt/amn2PCxYnhYfd5k09JX3SB7OYWFKYqj8Q==",
      "dependencies": [
        "esbuild",
        "fsevents",
        "postcss",
        "rollup"
      ]
    },
    "vitefu@1.0.4_vite@5.4.11": {
      "integrity": "sha512-y6zEE3PQf6uu/Mt6DTJ9ih+kyJLr4XcSgHR2zUkM8SWDhuixEJxfJ6CZGMHh1Ec3vPLoEA0IHU5oWzVqw8ulow==",
      "dependencies": [
        "vite"
      ]
    },
    "zimmerframe@1.1.2": {
      "integrity": "sha512-rAbqEGa8ovJy4pyBxZM70hg4pE6gDgaQ0Sl9M3enG3I0d6H4XSAM3GeNGLKnsBpuijUow064sf7ww1nutC5/3w=="
    }
  },
  "workspace": {
    "packageJson": {
      "dependencies": [
        "npm:@sveltejs/adapter-static@^3.0.6",
        "npm:@sveltejs/kit@2",
        "npm:@sveltejs/vite-plugin-svelte@4",
        "npm:prettier-plugin-svelte@^3.3.2",
        "npm:prettier@^3.4.2",
        "npm:svelte-check@4",
        "npm:svelte@5",
        "npm:typescript@5",
        "npm:vite@^5.4.11"
      ]
    }
  }
}
